
Microsoft Visual Studio Solution File, Format Version 12.00
# Visual Studio 15
VisualStudioVersion = 15.0.27130.2003
MinimumVisualStudioVersion = 10.0.40219.1
Project("{FAE04EC0-301F-11D3-BF4B-00C04F79EFBC}") = "CloudManager", "CloudManager\CloudManager.csproj", "{A8D9B967-DFA0-4027-94A5-30DA8813CECD}"
EndProject
Project("{FAE04EC0-301F-11D3-BF4B-00C04F79EFBC}") = "aliyun-net-sdk-core", "..\aliyun-openapi-net-sdk\aliyun-net-sdk-core\aliyun-net-sdk-core.csproj", "{BB84CECB-295D-4772-A669-3726E511CCFA}"
EndProject
Project("{FAE04EC0-301F-11D3-BF4B-00C04F79EFBC}") = "aliyun-net-sdk-domain", "..\aliyun-openapi-net-sdk\aliyun-net-sdk-domain\aliyun-net-sdk-domain.csproj", "{F1832AC0-C2C8-4893-9CD2-D885729E2F72}"
EndProject
Project("{FAE04EC0-301F-11D3-BF4B-00C04F79EFBC}") = "aliyun-net-sdk-ecs", "..\aliyun-openapi-net-sdk\aliyun-net-sdk-ecs\aliyun-net-sdk-ecs.csproj", "{C085BD5D-DE6A-44AF-9F60-4B00F541E8D5}"
EndProject
Project("{FAE04EC0-301F-11D3-BF4B-00C04F79EFBC}") = "aliyun-net-sdk-rds", "..\aliyun-openapi-net-sdk\aliyun-net-sdk-rds\aliyun-net-sdk-rds.csproj", "{3997D824-56ED-40A3-8F0A-6AB01DA07E86}"
EndProject
Project("{FAE04EC0-301F-11D3-BF4B-00C04F79EFBC}") = "aliyun-net-sdk-slb", "..\aliyun-openapi-net-sdk\aliyun-net-sdk-slb\aliyun-net-sdk-slb.csproj", "{72948D04-FDF8-4237-B8CE-62AA235C06AC}"
EndProject
Project("{54435603-DBB4-11D2-8724-00A0C9A8B90C}") = "Setup", "Setup\Setup.vdproj", "{34A881F2-0F96-4BFD-B6D6-7E75B646B2F0}"
EndProject
Project("{FAE04EC0-301F-11D3-BF4B-00C04F79EFBC}") = "aliyun-net-sdk-alidns", "..\aliyun-openapi-net-sdk\aliyun-net-sdk-alidns\aliyun-net-sdk-alidns.csproj", "{A3A305DD-6CB0-421B-8DC5-314B89C752B1}"
EndProject
Global
	GlobalSection(SolutionConfigurationPlatforms) = preSolution
		Debug|Any CPU = Debug|Any CPU
		Release|Any CPU = Release|Any CPU
	EndGlobalSection
	GlobalSection(ProjectConfigurationPlatforms) = postSolution
		{A8D9B967-DFA0-4027-94A5-30DA8813CECD}.Debug|Any CPU.ActiveCfg = Debug|Any CPU
		{A8D9B967-DFA0-4027-94A5-30DA8813CECD}.Debug|Any CPU.Build.0 = Debug|Any CPU
		{A8D9B967-DFA0-4027-94A5-30DA8813CECD}.Release|Any CPU.ActiveCfg = Release|Any CPU
		{A8D9B967-DFA0-4027-94A5-30DA8813CECD}.Release|Any CPU.Build.0 = Release|Any CPU
		{BB84CECB-295D-4772-A669-3726E511CCFA}.Debug|Any CPU.ActiveCfg = Debug|Any CPU
		{BB84CECB-295D-4772-A669-3726E511CCFA}.Debug|Any CPU.Build.0 = Debug|Any CPU
		{BB84CECB-295D-4772-A669-3726E511CCFA}.Release|Any CPU.ActiveCfg = Release|Any CPU
		{BB84CECB-295D-4772-A669-3726E511CCFA}.Release|Any CPU.Build.0 = Release|Any CPU
		{F1832AC0-C2C8-4893-9CD2-D885729E2F72}.Debug|Any CPU.ActiveCfg = Debug|Any CPU
		{F1832AC0-C2C8-4893-9CD2-D885729E2F72}.Debug|Any CPU.Build.0 = Debug|Any CPU
		{F1832AC0-C2C8-4893-9CD2-D885729E2F72}.Release|Any CPU.ActiveCfg = Release|Any CPU
		{F1832AC0-C2C8-4893-9CD2-D885729E2F72}.Release|Any CPU.Build.0 = Release|Any CPU
		{C085BD5D-DE6A-44AF-9F60-4B00F541E8D5}.Debug|Any CPU.ActiveCfg = Debug|Any CPU
		{C085BD5D-DE6A-44AF-9F60-4B00F541E8D5}.Debug|Any CPU.Build.0 = Debug|Any CPU
		{C085BD5D-DE6A-44AF-9F60-4B00F541E8D5}.Release|Any CPU.ActiveCfg = Release|Any CPU
		{C085BD5D-DE6A-44AF-9F60-4B00F541E8D5}.Release|Any CPU.Build.0 = Release|Any CPU
		{3997D824-56ED-40A3-8F0A-6AB01DA07E86}.Debug|Any CPU.ActiveCfg = Debug|Any CPU
		{3997D824-56ED-40A3-8F0A-6AB01DA07E86}.Debug|Any CPU.Build.0 = Debug|Any CPU
		{3997D824-56ED-40A3-8F0A-6AB01DA07E86}.Release|Any CPU.ActiveCfg = Release|Any CPU
		{3997D824-56ED-40A3-8F0A-6AB01DA07E86}.Release|Any CPU.Build.0 = Release|Any CPU
		{72948D04-FDF8-4237-B8CE-62AA235C06AC}.Debug|Any CPU.ActiveCfg = Debug|Any CPU
		{72948D04-FDF8-4237-B8CE-62AA235C06AC}.Debug|Any CPU.Build.0 = Debug|Any CPU
		{72948D04-FDF8-4237-B8CE-62AA235C06AC}.Release|Any CPU.ActiveCfg = Release|Any CPU
		{72948D04-FDF8-4237-B8CE-62AA235C06AC}.Release|Any CPU.Build.0 = Release|Any CPU
		{34A881F2-0F96-4BFD-B6D6-7E75B646B2F0}.Debug|Any CPU.ActiveCfg = Debug
		{34A881F2-0F96-4BFD-B6D6-7E75B646B2F0}.Release|Any CPU.ActiveCfg = Release
		{A3A305DD-6CB0-421B-8DC5-314B89C752B1}.Debug|Any CPU.ActiveCfg = Debug|Any CPU
		{A3A305DD-6CB0-421B-8DC5-314B89C752B1}.Debug|Any CPU.Build.0 = Debug|Any CPU
		{A3A305DD-6CB0-421B-8DC5-314B89C752B1}.Release|Any CPU.ActiveCfg = Release|Any CPU
		{A3A305DD-6CB0-421B-8DC5-314B89C752B1}.Release|Any CPU.Build.0 = Release|Any CPU
	EndGlobalSection
	GlobalSection(SolutionProperties) = preSolution
		HideSolutionNode = FALSE
	EndGlobalSection
	GlobalSection(ExtensibilityGlobals) = postSolution
		SolutionGuid = {40BE3BA2-1EB4-42C0-8502-2FB98A3A8A9E}
	EndGlobalSection
EndGlobal
