
Microsoft Visual Studio Solution File, Format Version 12.00
# Visual Studio 15
VisualStudioVersion = 15.0.26430.16
MinimumVisualStudioVersion = 10.0.40219.1
Project("{FAE04EC0-301F-11D3-BF4B-00C04F79EFBC}") = "CloudManager", "CloudManager\CloudManager.csproj", "{A8D9B967-DFA0-4027-94A5-30DA8813CECD}"
EndProject
Global
	GlobalSection(SolutionConfigurationPlatforms) = preSolution
		Debug|Any CPU = Debug|Any CPU
		Release|Any CPU = Release|Any CPU
	EndGlobalSection
	GlobalSection(ProjectConfigurationPlatforms) = postSolution
		{A8D9B967-DFA0-4027-94A5-30DA8813CECD}.Debug|Any CPU.ActiveCfg = Debug|Any CPU
		{A8D9B967-DFA0-4027-94A5-30DA8813CECD}.Debug|Any CPU.Build.0 = Debug|Any CPU
		{A8D9B967-DFA0-4027-94A5-30DA8813CECD}.Release|Any CPU.ActiveCfg = Release|Any CPU
		{A8D9B967-DFA0-4027-94A5-30DA8813CECD}.Release|Any CPU.Build.0 = Release|Any CPU
	EndGlobalSection
	GlobalSection(SolutionProperties) = preSolution
		HideSolutionNode = FALSE
	EndGlobalSection
EndGlobal
